<?xml version="1.0" encoding="utf-8"?>
<Project ToolsVersion="4.0" xmlns="http://schemas.microsoft.com/developer/msbuild/2003">
  <ItemGroup>
    <Filter Include="源文件">
      <UniqueIdentifier>{4FC737F1-C7A5-4376-A066-2A32D752A2FF}</UniqueIdentifier>
      <Extensions>cpp;c;cc;cxx;def;odl;idl;hpj;bat;asm;asmx</Extensions>
    </Filter>
    <Filter Include="头文件">
      <UniqueIdentifier>{93995380-89BD-4b04-88EB-625FBE52EBFB}</UniqueIdentifier>
      <Extensions>h;hpp;hxx;hm;inl;inc;xsd</Extensions>
    </Filter>
    <Filter Include="资源文件">
      <UniqueIdentifier>{67DA6AB6-F800-4c08-8B7A-83BB121AAD01}</UniqueIdentifier>
      <Extensions>rc;ico;cur;bmp;dlg;rc2;rct;bin;rgs;gif;jpg;jpeg;jpe;resx;tiff;tif;png;wav;mfcribbon-ms</Extensions>
    </Filter>
  </ItemGroup>
  <ItemGroup>
    <Text Include="ReadMe.txt" />
  </ItemGroup>
  <ItemGroup>
    <ClInclude Include="GLSLShader.h">
      <Filter>头文件</Filter>
    </ClInclude>
    <ClInclude Include="scene.h">
      <Filter>头文件</Filter>
    </ClInclude>
    <ClInclude Include="parameter.h">
      <Filter>头文件</Filter>
    </ClInclude>
    <ClInclude Include="kdtree.h">
      <Filter>头文件</Filter>
    </ClInclude>
    <ClInclude Include="generateBody.h">
      <Filter>头文件</Filter>
    </ClInclude>
    <ClInclude Include="detectBody.h">
      <Filter>头文件</Filter>
    </ClInclude>
    <ClInclude Include="KinectJointFilter.h">
      <Filter>头文件</Filter>
    </ClInclude>
    <ClInclude Include="Utilities.h">
      <Filter>头文件</Filter>
    </ClInclude>
    <ClInclude Include="bvh\BVHBuilder.h">
      <Filter>头文件</Filter>
    </ClInclude>
    <ClInclude Include="Verlet.h">
      <Filter>头文件</Filter>
    </ClInclude>
    <ClInclude Include="Simulator.h">
      <Filter>头文件</Filter>
    </ClInclude>
    <ClInclude Include="SpringsBuilder.h">
      <Filter>头文件</Filter>
    </ClInclude>
    <ClInclude Include="bvh\BVHAccel.h">
      <Filter>头文件</Filter>
    </ClInclude>
    <ClInclude Include="bvh\BRTreeNode.h">
      <Filter>头文件</Filter>
    </ClInclude>
    <ClInclude Include="bvh\Bbox.h">
      <Filter>头文件</Filter>
    </ClInclude>
    <ClInclude Include="Common.h">
      <Filter>头文件</Filter>
    </ClInclude>
    <ClInclude Include="bvh\Primitive.h">
      <Filter>头文件</Filter>
    </ClInclude>
    <ClInclude Include="Mesh.h">
      <Filter>头文件</Filter>
    </ClInclude>
    <ClInclude Include="ObjLoader.h">
      <Filter>头文件</Filter>
    </ClInclude>
    <ClInclude Include="VAOMesh.h">
      <Filter>头文件</Filter>
    </ClInclude>
    <ClInclude Include="Cloth.h">
      <Filter>头文件</Filter>
    </ClInclude>
  </ItemGroup>
  <ItemGroup>
    <ClCompile Include="main.cpp">
      <Filter>源文件</Filter>
    </ClCompile>
    <ClCompile Include="scene.cpp">
      <Filter>源文件</Filter>
    </ClCompile>
    <ClCompile Include="GLSLShader.cpp">
      <Filter>源文件</Filter>
    </ClCompile>
    <ClCompile Include="kdtree.cpp">
      <Filter>源文件</Filter>
    </ClCompile>
    <ClCompile Include="generateBody.cpp">
      <Filter>源文件</Filter>
    </ClCompile>
    <ClCompile Include="KinectJointFilter.cpp">
      <Filter>源文件</Filter>
    </ClCompile>
    <ClCompile Include="sRTSolver_MergeHead.cpp">
      <Filter>源文件</Filter>
    </ClCompile>
    <ClCompile Include="parameter.cpp">
      <Filter>源文件</Filter>
    </ClCompile>
    <ClCompile Include="SpringsBuilder.cpp">
      <Filter>源文件</Filter>
    </ClCompile>
    <ClCompile Include="bvh\Bbox.cpp">
      <Filter>源文件</Filter>
    </ClCompile>
    <ClCompile Include="Utilities.cpp">
      <Filter>源文件</Filter>
    </ClCompile>
    <ClCompile Include="Mesh.cpp">
      <Filter>源文件</Filter>
    </ClCompile>
    <ClCompile Include="ObjLoader.cpp">
      <Filter>源文件</Filter>
    </ClCompile>
  </ItemGroup>
  <ItemGroup>
    <CudaCompile Include="verlet.cu">
      <Filter>源文件</Filter>
    </CudaCompile>
    <CudaCompile Include="bvh\BVHBuilder.cu">
      <Filter>源文件</Filter>
    </CudaCompile>
    <CudaCompile Include="Simulator.cu">
      <Filter>源文件</Filter>
    </CudaCompile>
    <CudaCompile Include="bvh\BVHAccel.cpp">
      <Filter>源文件</Filter>
    </CudaCompile>
  </ItemGroup>
</Project>